
Microsoft Visual Studio Solution File, Format Version 12.00
# Visual Studio 14
VisualStudioVersion = 14.0.25420.1
MinimumVisualStudioVersion = 10.0.40219.1
Project("{FAE04EC0-301F-11D3-BF4B-00C04F79EFBC}") = "Концерты2", "Концерты2\Концерты2.csproj", "{57381983-AE08-4078-927D-82CFB2309406}"
EndProject
Project("{2150E333-8FDC-42A3-9474-1A3956D46DE8}") = "Solution Items", "Solution Items", "{BC63FFAD-62DB-4C13-B8B2-05B7DD5260B1}"
EndProject
Global
	GlobalSection(SolutionConfigurationPlatforms) = preSolution
		Debug|Any CPU = Debug|Any CPU
		Release|Any CPU = Release|Any CPU
	EndGlobalSection
	GlobalSection(ProjectConfigurationPlatforms) = postSolution
		{57381983-AE08-4078-927D-82CFB2309406}.Debug|Any CPU.ActiveCfg = Debug|Any CPU
		{57381983-AE08-4078-927D-82CFB2309406}.Debug|Any CPU.Build.0 = Debug|Any CPU
		{57381983-AE08-4078-927D-82CFB2309406}.Release|Any CPU.ActiveCfg = Release|Any CPU
		{57381983-AE08-4078-927D-82CFB2309406}.Release|Any CPU.Build.0 = Release|Any CPU
	EndGlobalSection
	GlobalSection(SolutionProperties) = preSolution
		HideSolutionNode = FALSE
	EndGlobalSection
EndGlobal
